
Microsoft Visual Studio Solution File, Format Version 12.00
# Visual Studio Version 17
VisualStudioVersion = 17.11.35222.181
MinimumVisualStudioVersion = 10.0.40219.1
Project("{FAE04EC0-301F-11D3-BF4B-00C04F79EFBC}") = "Consumers", "Consumers\Consumers.csproj", "{04E182B3-3AEF-4BBF-80BC-F65E50769A03}"
EndProject
Global
	GlobalSection(SolutionConfigurationPlatforms) = preSolution
		Debug|Any CPU = Debug|Any CPU
		Release|Any CPU = Release|Any CPU
	EndGlobalSection
	GlobalSection(ProjectConfigurationPlatforms) = postSolution
		{04E182B3-3AEF-4BBF-80BC-F65E50769A03}.Debug|Any CPU.ActiveCfg = Debug|Any CPU
		{04E182B3-3AEF-4BBF-80BC-F65E50769A03}.Debug|Any CPU.Build.0 = Debug|Any CPU
		{04E182B3-3AEF-4BBF-80BC-F65E50769A03}.Release|Any CPU.ActiveCfg = Release|Any CPU
		{04E182B3-3AEF-4BBF-80BC-F65E50769A03}.Release|Any CPU.Build.0 = Release|Any CPU
	EndGlobalSection
	GlobalSection(SolutionProperties) = preSolution
		HideSolutionNode = FALSE
	EndGlobalSection
	GlobalSection(ExtensibilityGlobals) = postSolution
		SolutionGuid = {46689539-3D24-42CD-9108-38E7F5222373}
	EndGlobalSection
EndGlobal
